
Microsoft Visual Studio Solution File, Format Version 12.00
# Visual Studio Version 16
VisualStudioVersion = 16.0.29613.14
MinimumVisualStudioVersion = 10.0.40219.1
Project("{FAE04EC0-301F-11D3-BF4B-00C04F79EFBC}") = "WebApp", "WebApp\WebApp.csproj", "{DDE5D403-603F-4556-972A-4EFFA26F018D}"
EndProject
Project("{FAE04EC0-301F-11D3-BF4B-00C04F79EFBC}") = "WebApi", "WebApi\WebApi.csproj", "{8632E8C5-F1CC-4404-BD2D-501EDB2DAD75}"
EndProject
Project("{FAE04EC0-301F-11D3-BF4B-00C04F79EFBC}") = "WebData", "WebData\WebData.csproj", "{BBE036C2-4D83-427F-B09A-73E160AE6928}"
EndProject
Project("{FAE04EC0-301F-11D3-BF4B-00C04F79EFBC}") = "WebCore", "WebCore\WebCore.csproj", "{ED2DEFCF-7228-4F20-9FBF-68887D31B922}"
EndProject
Global
	GlobalSection(SolutionConfigurationPlatforms) = preSolution
		Debug|Any CPU = Debug|Any CPU
		Release|Any CPU = Release|Any CPU
	EndGlobalSection
	GlobalSection(ProjectConfigurationPlatforms) = postSolution
		{DDE5D403-603F-4556-972A-4EFFA26F018D}.Debug|Any CPU.ActiveCfg = Debug|Any CPU
		{DDE5D403-603F-4556-972A-4EFFA26F018D}.Debug|Any CPU.Build.0 = Debug|Any CPU
		{DDE5D403-603F-4556-972A-4EFFA26F018D}.Release|Any CPU.ActiveCfg = Release|Any CPU
		{DDE5D403-603F-4556-972A-4EFFA26F018D}.Release|Any CPU.Build.0 = Release|Any CPU
		{8632E8C5-F1CC-4404-BD2D-501EDB2DAD75}.Debug|Any CPU.ActiveCfg = Debug|Any CPU
		{8632E8C5-F1CC-4404-BD2D-501EDB2DAD75}.Debug|Any CPU.Build.0 = Debug|Any CPU
		{8632E8C5-F1CC-4404-BD2D-501EDB2DAD75}.Release|Any CPU.ActiveCfg = Release|Any CPU
		{8632E8C5-F1CC-4404-BD2D-501EDB2DAD75}.Release|Any CPU.Build.0 = Release|Any CPU
		{BBE036C2-4D83-427F-B09A-73E160AE6928}.Debug|Any CPU.ActiveCfg = Debug|Any CPU
		{BBE036C2-4D83-427F-B09A-73E160AE6928}.Debug|Any CPU.Build.0 = Debug|Any CPU
		{BBE036C2-4D83-427F-B09A-73E160AE6928}.Release|Any CPU.ActiveCfg = Release|Any CPU
		{BBE036C2-4D83-427F-B09A-73E160AE6928}.Release|Any CPU.Build.0 = Release|Any CPU
		{ED2DEFCF-7228-4F20-9FBF-68887D31B922}.Debug|Any CPU.ActiveCfg = Debug|Any CPU
		{ED2DEFCF-7228-4F20-9FBF-68887D31B922}.Debug|Any CPU.Build.0 = Debug|Any CPU
		{ED2DEFCF-7228-4F20-9FBF-68887D31B922}.Release|Any CPU.ActiveCfg = Release|Any CPU
		{ED2DEFCF-7228-4F20-9FBF-68887D31B922}.Release|Any CPU.Build.0 = Release|Any CPU
	EndGlobalSection
	GlobalSection(SolutionProperties) = preSolution
		HideSolutionNode = FALSE
	EndGlobalSection
	GlobalSection(ExtensibilityGlobals) = postSolution
		SolutionGuid = {C1791359-A230-4249-87A3-9B8ECC1088E3}
	EndGlobalSection
EndGlobal
